
Microsoft Visual Studio Solution File, Format Version 12.00
# Visual Studio Version 16
VisualStudioVersion = 16.0.29230.47
MinimumVisualStudioVersion = 10.0.40219.1
Project("{FAE04EC0-301F-11D3-BF4B-00C04F79EFBC}") = "TCP Client Server", "TCP Client Server\TCP Client Server.csproj", "{E182AACA-6E4C-4607-A08C-BEAA2046F0AE}"
EndProject
Project("{FAE04EC0-301F-11D3-BF4B-00C04F79EFBC}") = "Client", "Client\Client.csproj", "{77C9B68D-4843-4507-878B-3CE586010D8E}"
EndProject
Global
	GlobalSection(SolutionConfigurationPlatforms) = preSolution
		Debug|Any CPU = Debug|Any CPU
		Release|Any CPU = Release|Any CPU
	EndGlobalSection
	GlobalSection(ProjectConfigurationPlatforms) = postSolution
		{E182AACA-6E4C-4607-A08C-BEAA2046F0AE}.Debug|Any CPU.ActiveCfg = Debug|Any CPU
		{E182AACA-6E4C-4607-A08C-BEAA2046F0AE}.Debug|Any CPU.Build.0 = Debug|Any CPU
		{E182AACA-6E4C-4607-A08C-BEAA2046F0AE}.Release|Any CPU.ActiveCfg = Release|Any CPU
		{E182AACA-6E4C-4607-A08C-BEAA2046F0AE}.Release|Any CPU.Build.0 = Release|Any CPU
		{77C9B68D-4843-4507-878B-3CE586010D8E}.Debug|Any CPU.ActiveCfg = Debug|Any CPU
		{77C9B68D-4843-4507-878B-3CE586010D8E}.Debug|Any CPU.Build.0 = Debug|Any CPU
		{77C9B68D-4843-4507-878B-3CE586010D8E}.Release|Any CPU.ActiveCfg = Release|Any CPU
		{77C9B68D-4843-4507-878B-3CE586010D8E}.Release|Any CPU.Build.0 = Release|Any CPU
	EndGlobalSection
	GlobalSection(SolutionProperties) = preSolution
		HideSolutionNode = FALSE
	EndGlobalSection
	GlobalSection(ExtensibilityGlobals) = postSolution
		SolutionGuid = {308160F3-406F-4266-AD44-25F92593062D}
	EndGlobalSection
EndGlobal
